
Microsoft Visual Studio Solution File, Format Version 12.00
# Visual Studio Version 17
VisualStudioVersion = 17.12.35707.178
MinimumVisualStudioVersion = 15.0.26124.0
Project("{FAE04EC0-301F-11D3-BF4B-00C04F79EFBC}") = "MassTransitTest.WebPublisher", "MassTransitTest.WebPublisher\MassTransitTest.WebPublisher.csproj", "{75BF715F-9FFB-4B3C-86C7-9886C460DDCD}"
EndProject
Project("{FAE04EC0-301F-11D3-BF4B-00C04F79EFBC}") = "MassTransitTest.Consumer", "MassTransitTest.Consumer\MassTransitTest.Consumer.csproj", "{8F570BA7-2823-405D-B974-CBB133CBB0DE}"
EndProject
Project("{FAE04EC0-301F-11D3-BF4B-00C04F79EFBC}") = "MassTransitTest.Messages", "MassTransitTest.Messages\MassTransitTest.Messages.csproj", "{A8797792-1960-4EB4-AD88-19B956FD8EB2}"
EndProject
Global
	GlobalSection(SolutionConfigurationPlatforms) = preSolution
		Debug|Any CPU = Debug|Any CPU
		Debug|x64 = Debug|x64
		Debug|x86 = Debug|x86
		Release|Any CPU = Release|Any CPU
		Release|x64 = Release|x64
		Release|x86 = Release|x86
	EndGlobalSection
	GlobalSection(ProjectConfigurationPlatforms) = postSolution
		{75BF715F-9FFB-4B3C-86C7-9886C460DDCD}.Debug|Any CPU.ActiveCfg = Debug|Any CPU
		{75BF715F-9FFB-4B3C-86C7-9886C460DDCD}.Debug|Any CPU.Build.0 = Debug|Any CPU
		{75BF715F-9FFB-4B3C-86C7-9886C460DDCD}.Debug|x64.ActiveCfg = Debug|Any CPU
		{75BF715F-9FFB-4B3C-86C7-9886C460DDCD}.Debug|x64.Build.0 = Debug|Any CPU
		{75BF715F-9FFB-4B3C-86C7-9886C460DDCD}.Debug|x86.ActiveCfg = Debug|Any CPU
		{75BF715F-9FFB-4B3C-86C7-9886C460DDCD}.Debug|x86.Build.0 = Debug|Any CPU
		{75BF715F-9FFB-4B3C-86C7-9886C460DDCD}.Release|Any CPU.ActiveCfg = Release|Any CPU
		{75BF715F-9FFB-4B3C-86C7-9886C460DDCD}.Release|Any CPU.Build.0 = Release|Any CPU
		{75BF715F-9FFB-4B3C-86C7-9886C460DDCD}.Release|x64.ActiveCfg = Release|Any CPU
		{75BF715F-9FFB-4B3C-86C7-9886C460DDCD}.Release|x64.Build.0 = Release|Any CPU
		{75BF715F-9FFB-4B3C-86C7-9886C460DDCD}.Release|x86.ActiveCfg = Release|Any CPU
		{75BF715F-9FFB-4B3C-86C7-9886C460DDCD}.Release|x86.Build.0 = Release|Any CPU
		{8F570BA7-2823-405D-B974-CBB133CBB0DE}.Debug|Any CPU.ActiveCfg = Debug|Any CPU
		{8F570BA7-2823-405D-B974-CBB133CBB0DE}.Debug|Any CPU.Build.0 = Debug|Any CPU
		{8F570BA7-2823-405D-B974-CBB133CBB0DE}.Debug|x64.ActiveCfg = Debug|Any CPU
		{8F570BA7-2823-405D-B974-CBB133CBB0DE}.Debug|x64.Build.0 = Debug|Any CPU
		{8F570BA7-2823-405D-B974-CBB133CBB0DE}.Debug|x86.ActiveCfg = Debug|Any CPU
		{8F570BA7-2823-405D-B974-CBB133CBB0DE}.Debug|x86.Build.0 = Debug|Any CPU
		{8F570BA7-2823-405D-B974-CBB133CBB0DE}.Release|Any CPU.ActiveCfg = Release|Any CPU
		{8F570BA7-2823-405D-B974-CBB133CBB0DE}.Release|Any CPU.Build.0 = Release|Any CPU
		{8F570BA7-2823-405D-B974-CBB133CBB0DE}.Release|x64.ActiveCfg = Release|Any CPU
		{8F570BA7-2823-405D-B974-CBB133CBB0DE}.Release|x64.Build.0 = Release|Any CPU
		{8F570BA7-2823-405D-B974-CBB133CBB0DE}.Release|x86.ActiveCfg = Release|Any CPU
		{8F570BA7-2823-405D-B974-CBB133CBB0DE}.Release|x86.Build.0 = Release|Any CPU
		{A8797792-1960-4EB4-AD88-19B956FD8EB2}.Debug|Any CPU.ActiveCfg = Debug|Any CPU
		{A8797792-1960-4EB4-AD88-19B956FD8EB2}.Debug|Any CPU.Build.0 = Debug|Any CPU
		{A8797792-1960-4EB4-AD88-19B956FD8EB2}.Debug|x64.ActiveCfg = Debug|Any CPU
		{A8797792-1960-4EB4-AD88-19B956FD8EB2}.Debug|x64.Build.0 = Debug|Any CPU
		{A8797792-1960-4EB4-AD88-19B956FD8EB2}.Debug|x86.ActiveCfg = Debug|Any CPU
		{A8797792-1960-4EB4-AD88-19B956FD8EB2}.Debug|x86.Build.0 = Debug|Any CPU
		{A8797792-1960-4EB4-AD88-19B956FD8EB2}.Release|Any CPU.ActiveCfg = Release|Any CPU
		{A8797792-1960-4EB4-AD88-19B956FD8EB2}.Release|Any CPU.Build.0 = Release|Any CPU
		{A8797792-1960-4EB4-AD88-19B956FD8EB2}.Release|x64.ActiveCfg = Release|Any CPU
		{A8797792-1960-4EB4-AD88-19B956FD8EB2}.Release|x64.Build.0 = Release|Any CPU
		{A8797792-1960-4EB4-AD88-19B956FD8EB2}.Release|x86.ActiveCfg = Release|Any CPU
		{A8797792-1960-4EB4-AD88-19B956FD8EB2}.Release|x86.Build.0 = Release|Any CPU
	EndGlobalSection
	GlobalSection(SolutionProperties) = preSolution
		HideSolutionNode = FALSE
	EndGlobalSection
EndGlobal
